
Microsoft Visual Studio Solution File, Format Version 12.00
# Visual Studio Version 16
VisualStudioVersion = 16.0.29215.179
MinimumVisualStudioVersion = 10.0.40219.1
Project("{9A19103F-16F7-4668-BE54-9A1E7A4F7556}") = "webHttpTest", "webHttpTest.csproj", "{0D12283E-4824-4E2C-9111-303F4E10BB52}"
EndProject
Global
	GlobalSection(SolutionConfigurationPlatforms) = preSolution
		Debug|Any CPU = Debug|Any CPU
		Release|Any CPU = Release|Any CPU
	EndGlobalSection
	GlobalSection(ProjectConfigurationPlatforms) = postSolution
		{0D12283E-4824-4E2C-9111-303F4E10BB52}.Debug|Any CPU.ActiveCfg = Debug|Any CPU
		{0D12283E-4824-4E2C-9111-303F4E10BB52}.Debug|Any CPU.Build.0 = Debug|Any CPU
		{0D12283E-4824-4E2C-9111-303F4E10BB52}.Release|Any CPU.ActiveCfg = Release|Any CPU
		{0D12283E-4824-4E2C-9111-303F4E10BB52}.Release|Any CPU.Build.0 = Release|Any CPU
	EndGlobalSection
	GlobalSection(SolutionProperties) = preSolution
		HideSolutionNode = FALSE
	EndGlobalSection
	GlobalSection(ExtensibilityGlobals) = postSolution
		SolutionGuid = {E2F6B2E0-103D-4FCB-95CC-92478F642B03}
	EndGlobalSection
EndGlobal
